
Microsoft Visual Studio Solution File, Format Version 12.00
# Visual Studio Version 17
VisualStudioVersion = 17.0.31903.59
MinimumVisualStudioVersion = 10.0.40219.1
Project("{2150E333-8FDC-42A3-9474-1A3956D46DE8}") = "src", "src", "{827E0CD3-B72D-47B6-A68D-7590B98EB39B}"
EndProject
Project("{FAE04EC0-301F-11D3-BF4B-00C04F79EFBC}") = "GingerTemplate.Core", "src\GingerTemplate.Core\GingerTemplate.Core.csproj", "{5A884A53-EA65-4C26-808D-2681D40CF668}"
EndProject
Project("{FAE04EC0-301F-11D3-BF4B-00C04F79EFBC}") = "GingerTemplate.WebApi", "src\GingerTemplate.WebApi\GingerTemplate.WebApi.csproj", "{FC1B367C-CA3F-4413-A03F-F6B5D6870CF8}"
EndProject
Project("{FAE04EC0-301F-11D3-BF4B-00C04F79EFBC}") = "GingerTemplate.DesktopApp", "src\GingerTemplate.DesktopApp\GingerTemplate.DesktopApp.csproj", "{2AB6FFDE-04B0-40D5-854D-C485BA2971E9}"
EndProject
Project("{FAE04EC0-301F-11D3-BF4B-00C04F79EFBC}") = "GingerTemplate.WebApp", "src\GingerTemplate.WebApp\GingerTemplate.WebApp.csproj", "{0A09D8D9-EA92-4824-8E10-D47DAB75347F}"
EndProject
Project("{FAE04EC0-301F-11D3-BF4B-00C04F79EFBC}") = "GingerTemplate.MobileApp", "src\GingerTemplate.MobileApp\GingerTemplate.MobileApp.csproj", "{C1985CCB-58B2-44F4-9FD6-D1ED0C578FC1}"
EndProject
Project("{FAE04EC0-301F-11D3-BF4B-00C04F79EFBC}") = "GingerTemplate.Tests", "src\GingerTemplate.Tests\GingerTemplate.Tests.csproj", "{8EC96431-E399-41BD-A1F1-2772C52EF130}"
EndProject
Project("{FAE04EC0-301F-11D3-BF4B-00C04F79EFBC}") = "GingerTemplate.CLI", "src\GingerTemplate.CLI\GingerTemplate.CLI.csproj", "{170F8E3F-7072-431A-81CD-0D1FB352F099}"
EndProject
Global
	GlobalSection(SolutionConfigurationPlatforms) = preSolution
		Debug|Any CPU = Debug|Any CPU
		Debug|x64 = Debug|x64
		Debug|x86 = Debug|x86
		Release|Any CPU = Release|Any CPU
		Release|x64 = Release|x64
		Release|x86 = Release|x86
	EndGlobalSection
	GlobalSection(ProjectConfigurationPlatforms) = postSolution
		{5A884A53-EA65-4C26-808D-2681D40CF668}.Debug|Any CPU.ActiveCfg = Debug|Any CPU
		{5A884A53-EA65-4C26-808D-2681D40CF668}.Debug|Any CPU.Build.0 = Debug|Any CPU
		{5A884A53-EA65-4C26-808D-2681D40CF668}.Debug|x64.ActiveCfg = Debug|Any CPU
		{5A884A53-EA65-4C26-808D-2681D40CF668}.Debug|x64.Build.0 = Debug|Any CPU
		{5A884A53-EA65-4C26-808D-2681D40CF668}.Debug|x86.ActiveCfg = Debug|Any CPU
		{5A884A53-EA65-4C26-808D-2681D40CF668}.Debug|x86.Build.0 = Debug|Any CPU
		{5A884A53-EA65-4C26-808D-2681D40CF668}.Release|Any CPU.ActiveCfg = Release|Any CPU
		{5A884A53-EA65-4C26-808D-2681D40CF668}.Release|Any CPU.Build.0 = Release|Any CPU
		{5A884A53-EA65-4C26-808D-2681D40CF668}.Release|x64.ActiveCfg = Release|Any CPU
		{5A884A53-EA65-4C26-808D-2681D40CF668}.Release|x64.Build.0 = Release|Any CPU
		{5A884A53-EA65-4C26-808D-2681D40CF668}.Release|x86.ActiveCfg = Release|Any CPU
		{5A884A53-EA65-4C26-808D-2681D40CF668}.Release|x86.Build.0 = Release|Any CPU
		{FC1B367C-CA3F-4413-A03F-F6B5D6870CF8}.Debug|Any CPU.ActiveCfg = Debug|Any CPU
		{FC1B367C-CA3F-4413-A03F-F6B5D6870CF8}.Debug|Any CPU.Build.0 = Debug|Any CPU
		{FC1B367C-CA3F-4413-A03F-F6B5D6870CF8}.Debug|x64.ActiveCfg = Debug|Any CPU
		{FC1B367C-CA3F-4413-A03F-F6B5D6870CF8}.Debug|x64.Build.0 = Debug|Any CPU
		{FC1B367C-CA3F-4413-A03F-F6B5D6870CF8}.Debug|x86.ActiveCfg = Debug|Any CPU
		{FC1B367C-CA3F-4413-A03F-F6B5D6870CF8}.Debug|x86.Build.0 = Debug|Any CPU
		{FC1B367C-CA3F-4413-A03F-F6B5D6870CF8}.Release|Any CPU.ActiveCfg = Release|Any CPU
		{FC1B367C-CA3F-4413-A03F-F6B5D6870CF8}.Release|Any CPU.Build.0 = Release|Any CPU
		{FC1B367C-CA3F-4413-A03F-F6B5D6870CF8}.Release|x64.ActiveCfg = Release|Any CPU
		{FC1B367C-CA3F-4413-A03F-F6B5D6870CF8}.Release|x64.Build.0 = Release|Any CPU
		{FC1B367C-CA3F-4413-A03F-F6B5D6870CF8}.Release|x86.ActiveCfg = Release|Any CPU
		{FC1B367C-CA3F-4413-A03F-F6B5D6870CF8}.Release|x86.Build.0 = Release|Any CPU
		{2AB6FFDE-04B0-40D5-854D-C485BA2971E9}.Debug|Any CPU.ActiveCfg = Debug|Any CPU
		{2AB6FFDE-04B0-40D5-854D-C485BA2971E9}.Debug|Any CPU.Build.0 = Debug|Any CPU
		{2AB6FFDE-04B0-40D5-854D-C485BA2971E9}.Debug|x64.ActiveCfg = Debug|Any CPU
		{2AB6FFDE-04B0-40D5-854D-C485BA2971E9}.Debug|x64.Build.0 = Debug|Any CPU
		{2AB6FFDE-04B0-40D5-854D-C485BA2971E9}.Debug|x86.ActiveCfg = Debug|Any CPU
		{2AB6FFDE-04B0-40D5-854D-C485BA2971E9}.Debug|x86.Build.0 = Debug|Any CPU
		{2AB6FFDE-04B0-40D5-854D-C485BA2971E9}.Release|Any CPU.ActiveCfg = Release|Any CPU
		{2AB6FFDE-04B0-40D5-854D-C485BA2971E9}.Release|Any CPU.Build.0 = Release|Any CPU
		{2AB6FFDE-04B0-40D5-854D-C485BA2971E9}.Release|x64.ActiveCfg = Release|Any CPU
		{2AB6FFDE-04B0-40D5-854D-C485BA2971E9}.Release|x64.Build.0 = Release|Any CPU
		{2AB6FFDE-04B0-40D5-854D-C485BA2971E9}.Release|x86.ActiveCfg = Release|Any CPU
		{2AB6FFDE-04B0-40D5-854D-C485BA2971E9}.Release|x86.Build.0 = Release|Any CPU
		{0A09D8D9-EA92-4824-8E10-D47DAB75347F}.Debug|Any CPU.ActiveCfg = Debug|Any CPU
		{0A09D8D9-EA92-4824-8E10-D47DAB75347F}.Debug|Any CPU.Build.0 = Debug|Any CPU
		{0A09D8D9-EA92-4824-8E10-D47DAB75347F}.Debug|x64.ActiveCfg = Debug|Any CPU
		{0A09D8D9-EA92-4824-8E10-D47DAB75347F}.Debug|x64.Build.0 = Debug|Any CPU
		{0A09D8D9-EA92-4824-8E10-D47DAB75347F}.Debug|x86.ActiveCfg = Debug|Any CPU
		{0A09D8D9-EA92-4824-8E10-D47DAB75347F}.Debug|x86.Build.0 = Debug|Any CPU
		{0A09D8D9-EA92-4824-8E10-D47DAB75347F}.Release|Any CPU.ActiveCfg = Release|Any CPU
		{0A09D8D9-EA92-4824-8E10-D47DAB75347F}.Release|Any CPU.Build.0 = Release|Any CPU
		{0A09D8D9-EA92-4824-8E10-D47DAB75347F}.Release|x64.ActiveCfg = Release|Any CPU
		{0A09D8D9-EA92-4824-8E10-D47DAB75347F}.Release|x64.Build.0 = Release|Any CPU
		{0A09D8D9-EA92-4824-8E10-D47DAB75347F}.Release|x86.ActiveCfg = Release|Any CPU
		{0A09D8D9-EA92-4824-8E10-D47DAB75347F}.Release|x86.Build.0 = Release|Any CPU
		{C1985CCB-58B2-44F4-9FD6-D1ED0C578FC1}.Debug|Any CPU.ActiveCfg = Debug|Any CPU
		{C1985CCB-58B2-44F4-9FD6-D1ED0C578FC1}.Debug|Any CPU.Build.0 = Debug|Any CPU
		{C1985CCB-58B2-44F4-9FD6-D1ED0C578FC1}.Debug|x64.ActiveCfg = Debug|Any CPU
		{C1985CCB-58B2-44F4-9FD6-D1ED0C578FC1}.Debug|x64.Build.0 = Debug|Any CPU
		{C1985CCB-58B2-44F4-9FD6-D1ED0C578FC1}.Debug|x86.ActiveCfg = Debug|Any CPU
		{C1985CCB-58B2-44F4-9FD6-D1ED0C578FC1}.Debug|x86.Build.0 = Debug|Any CPU
		{C1985CCB-58B2-44F4-9FD6-D1ED0C578FC1}.Release|Any CPU.ActiveCfg = Release|Any CPU
		{C1985CCB-58B2-44F4-9FD6-D1ED0C578FC1}.Release|Any CPU.Build.0 = Release|Any CPU
		{C1985CCB-58B2-44F4-9FD6-D1ED0C578FC1}.Release|x64.ActiveCfg = Release|Any CPU
		{C1985CCB-58B2-44F4-9FD6-D1ED0C578FC1}.Release|x64.Build.0 = Release|Any CPU
		{C1985CCB-58B2-44F4-9FD6-D1ED0C578FC1}.Release|x86.ActiveCfg = Release|Any CPU
		{C1985CCB-58B2-44F4-9FD6-D1ED0C578FC1}.Release|x86.Build.0 = Release|Any CPU
		{8EC96431-E399-41BD-A1F1-2772C52EF130}.Debug|Any CPU.ActiveCfg = Debug|Any CPU
		{8EC96431-E399-41BD-A1F1-2772C52EF130}.Debug|Any CPU.Build.0 = Debug|Any CPU
		{8EC96431-E399-41BD-A1F1-2772C52EF130}.Debug|x64.ActiveCfg = Debug|Any CPU
		{8EC96431-E399-41BD-A1F1-2772C52EF130}.Debug|x64.Build.0 = Debug|Any CPU
		{8EC96431-E399-41BD-A1F1-2772C52EF130}.Debug|x86.ActiveCfg = Debug|Any CPU
		{8EC96431-E399-41BD-A1F1-2772C52EF130}.Debug|x86.Build.0 = Debug|Any CPU
		{8EC96431-E399-41BD-A1F1-2772C52EF130}.Release|Any CPU.ActiveCfg = Release|Any CPU
		{8EC96431-E399-41BD-A1F1-2772C52EF130}.Release|Any CPU.Build.0 = Release|Any CPU
		{8EC96431-E399-41BD-A1F1-2772C52EF130}.Release|x64.ActiveCfg = Release|Any CPU
		{8EC96431-E399-41BD-A1F1-2772C52EF130}.Release|x64.Build.0 = Release|Any CPU
		{8EC96431-E399-41BD-A1F1-2772C52EF130}.Release|x86.ActiveCfg = Release|Any CPU
		{8EC96431-E399-41BD-A1F1-2772C52EF130}.Release|x86.Build.0 = Release|Any CPU
		{170F8E3F-7072-431A-81CD-0D1FB352F099}.Debug|Any CPU.ActiveCfg = Debug|Any CPU
		{170F8E3F-7072-431A-81CD-0D1FB352F099}.Debug|Any CPU.Build.0 = Debug|Any CPU
		{170F8E3F-7072-431A-81CD-0D1FB352F099}.Debug|x64.ActiveCfg = Debug|Any CPU
		{170F8E3F-7072-431A-81CD-0D1FB352F099}.Debug|x64.Build.0 = Debug|Any CPU
		{170F8E3F-7072-431A-81CD-0D1FB352F099}.Debug|x86.ActiveCfg = Debug|Any CPU
		{170F8E3F-7072-431A-81CD-0D1FB352F099}.Debug|x86.Build.0 = Debug|Any CPU
		{170F8E3F-7072-431A-81CD-0D1FB352F099}.Release|Any CPU.ActiveCfg = Release|Any CPU
		{170F8E3F-7072-431A-81CD-0D1FB352F099}.Release|Any CPU.Build.0 = Release|Any CPU
		{170F8E3F-7072-431A-81CD-0D1FB352F099}.Release|x64.ActiveCfg = Release|Any CPU
		{170F8E3F-7072-431A-81CD-0D1FB352F099}.Release|x64.Build.0 = Release|Any CPU
		{170F8E3F-7072-431A-81CD-0D1FB352F099}.Release|x86.ActiveCfg = Release|Any CPU
		{170F8E3F-7072-431A-81CD-0D1FB352F099}.Release|x86.Build.0 = Release|Any CPU
	EndGlobalSection
	GlobalSection(SolutionProperties) = preSolution
		HideSolutionNode = FALSE
	EndGlobalSection
	GlobalSection(NestedProjects) = preSolution
		{5A884A53-EA65-4C26-808D-2681D40CF668} = {827E0CD3-B72D-47B6-A68D-7590B98EB39B}
		{FC1B367C-CA3F-4413-A03F-F6B5D6870CF8} = {827E0CD3-B72D-47B6-A68D-7590B98EB39B}
		{2AB6FFDE-04B0-40D5-854D-C485BA2971E9} = {827E0CD3-B72D-47B6-A68D-7590B98EB39B}
		{0A09D8D9-EA92-4824-8E10-D47DAB75347F} = {827E0CD3-B72D-47B6-A68D-7590B98EB39B}
		{C1985CCB-58B2-44F4-9FD6-D1ED0C578FC1} = {827E0CD3-B72D-47B6-A68D-7590B98EB39B}
		{8EC96431-E399-41BD-A1F1-2772C52EF130} = {827E0CD3-B72D-47B6-A68D-7590B98EB39B}
		{170F8E3F-7072-431A-81CD-0D1FB352F099} = {827E0CD3-B72D-47B6-A68D-7590B98EB39B}
	EndGlobalSection
EndGlobal
